<?xml version="1.0" encoding="utf-8"?>
<Project ToolsVersion="4.0" xmlns="http://schemas.microsoft.com/developer/msbuild/2003">
  <ItemGroup>
    <Filter Include="Source Files">
      <UniqueIdentifier>{5457214f-a804-47d3-a415-b41f24b5f9af}</UniqueIdentifier>
    </Filter>
    <Filter Include="Header Files">
      <UniqueIdentifier>{9143f4f8-29c3-42f0-abdf-0f9129f0ce3b}</UniqueIdentifier>
    </Filter>
  </ItemGroup>
  <ItemGroup>
    <ClCompile Include="src\caxpy.c">
      <Filter>Source Files</Filter>
    </ClCompile>
    <ClCompile Include="src\ccopy.c">
      <Filter>Source Files</Filter>
    </ClCompile>
    <ClCompile Include="src\cdotc.c">
      <Filter>Source Files</Filter>
    </ClCompile>
    <ClCompile Include="src\cdotu.c">
      <Filter>Source Files</Filter>
    </ClCompile>
    <ClCompile Include="src\cgbmv.c">
      <Filter>Source Files</Filter>
    </ClCompile>
    <ClCompile Include="src\cgemm.c">
      <Filter>Source Files</Filter>
    </ClCompile>
    <ClCompile Include="src\cgemv.c">
      <Filter>Source Files</Filter>
    </ClCompile>
    <ClCompile Include="src\cgerc.c">
      <Filter>Source Files</Filter>
    </ClCompile>
    <ClCompile Include="src\cgeru.c">
      <Filter>Source Files</Filter>
    </ClCompile>
    <ClCompile Include="src\chbmv.c">
      <Filter>Source Files</Filter>
    </ClCompile>
    <ClCompile Include="src\chemm.c">
      <Filter>Source Files</Filter>
    </ClCompile>
    <ClCompile Include="src\chemv.c">
      <Filter>Source Files</Filter>
    </ClCompile>
    <ClCompile Include="src\cher.c">
      <Filter>Source Files</Filter>
    </ClCompile>
    <ClCompile Include="src\cher2.c">
      <Filter>Source Files</Filter>
    </ClCompile>
    <ClCompile Include="src\cher2k.c">
      <Filter>Source Files</Filter>
    </ClCompile>
    <ClCompile Include="src\cherk.c">
      <Filter>Source Files</Filter>
    </ClCompile>
    <ClCompile Include="src\chpmv.c">
      <Filter>Source Files</Filter>
    </ClCompile>
    <ClCompile Include="src\chpr.c">
      <Filter>Source Files</Filter>
    </ClCompile>
    <ClCompile Include="src\chpr2.c">
      <Filter>Source Files</Filter>
    </ClCompile>
    <ClCompile Include="src\crotg.c">
      <Filter>Source Files</Filter>
    </ClCompile>
    <ClCompile Include="src\cscal.c">
      <Filter>Source Files</Filter>
    </ClCompile>
    <ClCompile Include="src\csrot.c">
      <Filter>Source Files</Filter>
    </ClCompile>
    <ClCompile Include="src\csscal.c">
      <Filter>Source Files</Filter>
    </ClCompile>
    <ClCompile Include="src\cswap.c">
      <Filter>Source Files</Filter>
    </ClCompile>
    <ClCompile Include="src\csymm.c">
      <Filter>Source Files</Filter>
    </ClCompile>
    <ClCompile Include="src\csyr2k.c">
      <Filter>Source Files</Filter>
    </ClCompile>
    <ClCompile Include="src\csyrk.c">
      <Filter>Source Files</Filter>
    </ClCompile>
    <ClCompile Include="src\ctbmv.c">
      <Filter>Source Files</Filter>
    </ClCompile>
    <ClCompile Include="src\ctbsv.c">
      <Filter>Source Files</Filter>
    </ClCompile>
    <ClCompile Include="src\ctpmv.c">
      <Filter>Source Files</Filter>
    </ClCompile>
    <ClCompile Include="src\ctpsv.c">
      <Filter>Source Files</Filter>
    </ClCompile>
    <ClCompile Include="src\ctrmm.c">
      <Filter>Source Files</Filter>
    </ClCompile>
    <ClCompile Include="src\ctrmv.c">
      <Filter>Source Files</Filter>
    </ClCompile>
    <ClCompile Include="src\ctrsm.c">
      <Filter>Source Files</Filter>
    </ClCompile>
    <ClCompile Include="src\ctrsv.c">
      <Filter>Source Files</Filter>
    </ClCompile>
    <ClCompile Include="src\d_sign.c">
      <Filter>Source Files</Filter>
    </ClCompile>
    <ClCompile Include="src\dasum.c">
      <Filter>Source Files</Filter>
    </ClCompile>
    <ClCompile Include="src\daxpy.c">
      <Filter>Source Files</Filter>
    </ClCompile>
    <ClCompile Include="src\dcabs1.c">
      <Filter>Source Files</Filter>
    </ClCompile>
    <ClCompile Include="src\dcopy.c">
      <Filter>Source Files</Filter>
    </ClCompile>
    <ClCompile Include="src\ddot.c">
      <Filter>Source Files</Filter>
    </ClCompile>
    <ClCompile Include="src\dgbmv.c">
      <Filter>Source Files</Filter>
    </ClCompile>
    <ClCompile Include="src\dgemm.c">
      <Filter>Source Files</Filter>
    </ClCompile>
    <ClCompile Include="src\dgemv.c">
      <Filter>Source Files</Filter>
    </ClCompile>
    <ClCompile Include="src\dger.c">
      <Filter>Source Files</Filter>
    </ClCompile>
    <ClCompile Include="src\dnrm2.c">
      <Filter>Source Files</Filter>
    </ClCompile>
    <ClCompile Include="src\drot.c">
      <Filter>Source Files</Filter>
    </ClCompile>
    <ClCompile Include="src\drotg.c">
      <Filter>Source Files</Filter>
    </ClCompile>
    <ClCompile Include="src\drotm.c">
      <Filter>Source Files</Filter>
    </ClCompile>
    <ClCompile Include="src\drotmg.c">
      <Filter>Source Files</Filter>
    </ClCompile>
    <ClCompile Include="src\dsbmv.c">
      <Filter>Source Files</Filter>
    </ClCompile>
    <ClCompile Include="src\dscal.c">
      <Filter>Source Files</Filter>
    </ClCompile>
    <ClCompile Include="src\dsdot.c">
      <Filter>Source Files</Filter>
    </ClCompile>
    <ClCompile Include="src\dspmv.c">
      <Filter>Source Files</Filter>
    </ClCompile>
    <ClCompile Include="src\dspr.c">
      <Filter>Source Files</Filter>
    </ClCompile>
    <ClCompile Include="src\dspr2.c">
      <Filter>Source Files</Filter>
    </ClCompile>
    <ClCompile Include="src\dswap.c">
      <Filter>Source Files</Filter>
    </ClCompile>
    <ClCompile Include="src\dsymm.c">
      <Filter>Source Files</Filter>
    </ClCompile>
    <ClCompile Include="src\dsymv.c">
      <Filter>Source Files</Filter>
    </ClCompile>
    <ClCompile Include="src\dsyr.c">
      <Filter>Source Files</Filter>
    </ClCompile>
    <ClCompile Include="src\dsyr2.c">
      <Filter>Source Files</Filter>
    </ClCompile>
    <ClCompile Include="src\dsyr2k.c">
      <Filter>Source Files</Filter>
    </ClCompile>
    <ClCompile Include="src\dsyrk.c">
      <Filter>Source Files</Filter>
    </ClCompile>
    <ClCompile Include="src\dtbmv.c">
      <Filter>Source Files</Filter>
    </ClCompile>
    <ClCompile Include="src\dtbsv.c">
      <Filter>Source Files</Filter>
    </ClCompile>
    <ClCompile Include="src\dtpmv.c">
      <Filter>Source Files</Filter>
    </ClCompile>
    <ClCompile Include="src\dtpsv.c">
      <Filter>Source Files</Filter>
    </ClCompile>
    <ClCompile Include="src\dtrmm.c">
      <Filter>Source Files</Filter>
    </ClCompile>
    <ClCompile Include="src\dtrmv.c">
      <Filter>Source Files</Filter>
    </ClCompile>
    <ClCompile Include="src\dtrsm.c">
      <Filter>Source Files</Filter>
    </ClCompile>
    <ClCompile Include="src\dtrsv.c">
      <Filter>Source Files</Filter>
    </ClCompile>
    <ClCompile Include="src\dzasum.c">
      <Filter>Source Files</Filter>
    </ClCompile>
    <ClCompile Include="src\dznrm2.c">
      <Filter>Source Files</Filter>
    </ClCompile>
    <ClCompile Include="src\icamax.c">
      <Filter>Source Files</Filter>
    </ClCompile>
    <ClCompile Include="src\idamax.c">
      <Filter>Source Files</Filter>
    </ClCompile>
    <ClCompile Include="src\isamax.c">
      <Filter>Source Files</Filter>
    </ClCompile>
    <ClCompile Include="src\izamax.c">
      <Filter>Source Files</Filter>
    </ClCompile>
    <ClCompile Include="src\lsame.c">
      <Filter>Source Files</Filter>
    </ClCompile>
    <ClCompile Include="src\r_sign.c">
      <Filter>Source Files</Filter>
    </ClCompile>
    <ClCompile Include="src\sasum.c">
      <Filter>Source Files</Filter>
    </ClCompile>
    <ClCompile Include="src\saxpy.c">
      <Filter>Source Files</Filter>
    </ClCompile>
    <ClCompile Include="src\scabs1.c">
      <Filter>Source Files</Filter>
    </ClCompile>
    <ClCompile Include="src\scasum.c">
      <Filter>Source Files</Filter>
    </ClCompile>
    <ClCompile Include="src\scnrm2.c">
      <Filter>Source Files</Filter>
    </ClCompile>
    <ClCompile Include="src\scopy.c">
      <Filter>Source Files</Filter>
    </ClCompile>
    <ClCompile Include="src\sdot.c">
      <Filter>Source Files</Filter>
    </ClCompile>
    <ClCompile Include="src\sdsdot.c">
      <Filter>Source Files</Filter>
    </ClCompile>
    <ClCompile Include="src\sgbmv.c">
      <Filter>Source Files</Filter>
    </ClCompile>
    <ClCompile Include="src\sgemm.c">
      <Filter>Source Files</Filter>
    </ClCompile>
    <ClCompile Include="src\sgemv.c">
      <Filter>Source Files</Filter>
    </ClCompile>
    <ClCompile Include="src\sger.c">
      <Filter>Source Files</Filter>
    </ClCompile>
    <ClCompile Include="src\snrm2.c">
      <Filter>Source Files</Filter>
    </ClCompile>
    <ClCompile Include="src\srot.c">
      <Filter>Source Files</Filter>
    </ClCompile>
    <ClCompile Include="src\srotg.c">
      <Filter>Source Files</Filter>
    </ClCompile>
    <ClCompile Include="src\srotm.c">
      <Filter>Source Files</Filter>
    </ClCompile>
    <ClCompile Include="src\srotmg.c">
      <Filter>Source Files</Filter>
    </ClCompile>
    <ClCompile Include="src\ssbmv.c">
      <Filter>Source Files</Filter>
    </ClCompile>
    <ClCompile Include="src\sscal.c">
      <Filter>Source Files</Filter>
    </ClCompile>
    <ClCompile Include="src\sspmv.c">
      <Filter>Source Files</Filter>
    </ClCompile>
    <ClCompile Include="src\sspr.c">
      <Filter>Source Files</Filter>
    </ClCompile>
    <ClCompile Include="src\sspr2.c">
      <Filter>Source Files</Filter>
    </ClCompile>
    <ClCompile Include="src\sswap.c">
      <Filter>Source Files</Filter>
    </ClCompile>
    <ClCompile Include="src\ssymm.c">
      <Filter>Source Files</Filter>
    </ClCompile>
    <ClCompile Include="src\ssymv.c">
      <Filter>Source Files</Filter>
    </ClCompile>
    <ClCompile Include="src\ssyr.c">
      <Filter>Source Files</Filter>
    </ClCompile>
    <ClCompile Include="src\ssyr2.c">
      <Filter>Source Files</Filter>
    </ClCompile>
    <ClCompile Include="src\ssyr2k.c">
      <Filter>Source Files</Filter>
    </ClCompile>
    <ClCompile Include="src\ssyrk.c">
      <Filter>Source Files</Filter>
    </ClCompile>
    <ClCompile Include="src\stbmv.c">
      <Filter>Source Files</Filter>
    </ClCompile>
    <ClCompile Include="src\stbsv.c">
      <Filter>Source Files</Filter>
    </ClCompile>
    <ClCompile Include="src\stpmv.c">
      <Filter>Source Files</Filter>
    </ClCompile>
    <ClCompile Include="src\stpsv.c">
      <Filter>Source Files</Filter>
    </ClCompile>
    <ClCompile Include="src\strmm.c">
      <Filter>Source Files</Filter>
    </ClCompile>
    <ClCompile Include="src\strmv.c">
      <Filter>Source Files</Filter>
    </ClCompile>
    <ClCompile Include="src\strsm.c">
      <Filter>Source Files</Filter>
    </ClCompile>
    <ClCompile Include="src\strsv.c">
      <Filter>Source Files</Filter>
    </ClCompile>
    <ClCompile Include="src\xerbla.c">
      <Filter>Source Files</Filter>
    </ClCompile>
    <ClCompile Include="src\xerbla_array.c">
      <Filter>Source Files</Filter>
    </ClCompile>
    <ClCompile Include="src\zaxpy.c">
      <Filter>Source Files</Filter>
    </ClCompile>
    <ClCompile Include="src\zcopy.c">
      <Filter>Source Files</Filter>
    </ClCompile>
    <ClCompile Include="src\zdotc.c">
      <Filter>Source Files</Filter>
    </ClCompile>
    <ClCompile Include="src\zdotu.c">
      <Filter>Source Files</Filter>
    </ClCompile>
    <ClCompile Include="src\zdrot.c">
      <Filter>Source Files</Filter>
    </ClCompile>
    <ClCompile Include="src\zdscal.c">
      <Filter>Source Files</Filter>
    </ClCompile>
    <ClCompile Include="src\zgbmv.c">
      <Filter>Source Files</Filter>
    </ClCompile>
    <ClCompile Include="src\zgemm.c">
      <Filter>Source Files</Filter>
    </ClCompile>
    <ClCompile Include="src\zgemv.c">
      <Filter>Source Files</Filter>
    </ClCompile>
    <ClCompile Include="src\zgerc.c">
      <Filter>Source Files</Filter>
    </ClCompile>
    <ClCompile Include="src\zgeru.c">
      <Filter>Source Files</Filter>
    </ClCompile>
    <ClCompile Include="src\zhbmv.c">
      <Filter>Source Files</Filter>
    </ClCompile>
    <ClCompile Include="src\zhemm.c">
      <Filter>Source Files</Filter>
    </ClCompile>
    <ClCompile Include="src\zhemv.c">
      <Filter>Source Files</Filter>
    </ClCompile>
    <ClCompile Include="src\zher.c">
      <Filter>Source Files</Filter>
    </ClCompile>
    <ClCompile Include="src\zher2.c">
      <Filter>Source Files</Filter>
    </ClCompile>
    <ClCompile Include="src\zher2k.c">
      <Filter>Source Files</Filter>
    </ClCompile>
    <ClCompile Include="src\zherk.c">
      <Filter>Source Files</Filter>
    </ClCompile>
    <ClCompile Include="src\zhpmv.c">
      <Filter>Source Files</Filter>
    </ClCompile>
    <ClCompile Include="src\zhpr.c">
      <Filter>Source Files</Filter>
    </ClCompile>
    <ClCompile Include="src\zhpr2.c">
      <Filter>Source Files</Filter>
    </ClCompile>
    <ClCompile Include="src\zrotg.c">
      <Filter>Source Files</Filter>
    </ClCompile>
    <ClCompile Include="src\zscal.c">
      <Filter>Source Files</Filter>
    </ClCompile>
    <ClCompile Include="src\zswap.c">
      <Filter>Source Files</Filter>
    </ClCompile>
    <ClCompile Include="src\zsymm.c">
      <Filter>Source Files</Filter>
    </ClCompile>
    <ClCompile Include="src\zsyr2k.c">
      <Filter>Source Files</Filter>
    </ClCompile>
    <ClCompile Include="src\zsyrk.c">
      <Filter>Source Files</Filter>
    </ClCompile>
    <ClCompile Include="src\ztbmv.c">
      <Filter>Source Files</Filter>
    </ClCompile>
    <ClCompile Include="src\ztbsv.c">
      <Filter>Source Files</Filter>
    </ClCompile>
    <ClCompile Include="src\ztpmv.c">
      <Filter>Source Files</Filter>
    </ClCompile>
    <ClCompile Include="src\ztpsv.c">
      <Filter>Source Files</Filter>
    </ClCompile>
    <ClCompile Include="src\ztrmm.c">
      <Filter>Source Files</Filter>
    </ClCompile>
    <ClCompile Include="src\ztrmv.c">
      <Filter>Source Files</Filter>
    </ClCompile>
    <ClCompile Include="src\ztrsm.c">
      <Filter>Source Files</Filter>
    </ClCompile>
    <ClCompile Include="src\ztrsv.c">
      <Filter>Source Files</Filter>
    </ClCompile>
    <ClCompile Include="src\r_cnjg.c">
      <Filter>Source Files</Filter>
    </ClCompile>
    <ClCompile Include="src\z_div.c">
      <Filter>Source Files</Filter>
    </ClCompile>
    <ClCompile Include="src\c_abs.c">
      <Filter>Source Files</Filter>
    </ClCompile>
    <ClCompile Include="src\r_imag.c">
      <Filter>Source Files</Filter>
    </ClCompile>
    <ClCompile Include="src\c_div.c">
      <Filter>Source Files</Filter>
    </ClCompile>
    <ClCompile Include="src\d_cnjg.c">
      <Filter>Source Files</Filter>
    </ClCompile>
    <ClCompile Include="src\d_imag.c">
      <Filter>Source Files</Filter>
    </ClCompile>
    <ClCompile Include="src\cabs.c">
      <Filter>Source Files</Filter>
    </ClCompile>
    <ClCompile Include="src\z_abs.c">
      <Filter>Source Files</Filter>
    </ClCompile>
    <ClCompile Include="src\s_copy.c">
      <Filter>Source Files</Filter>
    </ClCompile>
    <ClCompile Include="src\i_len.c">
      <Filter>Source Files</Filter>
    </ClCompile>
    <ClCompile Include="src\sig_die.c">
      <Filter>Source Files</Filter>
    </ClCompile>
  </ItemGroup>
  <ItemGroup>
    <ClInclude Include="include\cblas.h">
      <Filter>Header Files</Filter>
    </ClInclude>
    <ClInclude Include="include\f2c.h">
      <Filter>Header Files</Filter>
    </ClInclude>
  </ItemGroup>
</Project>